
Microsoft Visual Studio Solution File, Format Version 12.00
# Visual Studio 2015
Project("{FAE04EC0-301F-11D3-BF4B-00C04F79EFBC}") = "Bone Bash.Plugins", "Bone Bash.Plugins.csproj", "{6D78F84B-15DC-8BA0-D98B-01F591C45581}"
EndProject
Project("{FAE04EC0-301F-11D3-BF4B-00C04F79EFBC}") = "Bone Bash", "Bone Bash.csproj", "{CE384B4D-C0DE-E90F-740F-8A77D7E2BE72}"
EndProject
Project("{FAE04EC0-301F-11D3-BF4B-00C04F79EFBC}") = "Bone Bash.Editor.Plugins", "Bone Bash.Editor.Plugins.csproj", "{721C56F6-C0DC-83B5-6CB7-42C2EF9E3BE2}"
EndProject
Project("{FAE04EC0-301F-11D3-BF4B-00C04F79EFBC}") = "Bone Bash.Editor", "Bone Bash.Editor.csproj", "{C2AB4F77-C029-EA81-AC56-F4AD0124C86D}"
EndProject
Global
	GlobalSection(SolutionConfigurationPlatforms) = preSolution
		Debug|Any CPU = Debug|Any CPU
		Release|Any CPU = Release|Any CPU
	EndGlobalSection
	GlobalSection(ProjectConfigurationPlatforms) = postSolution
		{6D78F84B-15DC-8BA0-D98B-01F591C45581}.Debug|Any CPU.ActiveCfg = Debug|Any CPU
		{6D78F84B-15DC-8BA0-D98B-01F591C45581}.Debug|Any CPU.Build.0 = Debug|Any CPU
		{6D78F84B-15DC-8BA0-D98B-01F591C45581}.Release|Any CPU.ActiveCfg = Release|Any CPU
		{6D78F84B-15DC-8BA0-D98B-01F591C45581}.Release|Any CPU.Build.0 = Release|Any CPU
		{CE384B4D-C0DE-E90F-740F-8A77D7E2BE72}.Debug|Any CPU.ActiveCfg = Debug|Any CPU
		{CE384B4D-C0DE-E90F-740F-8A77D7E2BE72}.Debug|Any CPU.Build.0 = Debug|Any CPU
		{CE384B4D-C0DE-E90F-740F-8A77D7E2BE72}.Release|Any CPU.ActiveCfg = Release|Any CPU
		{CE384B4D-C0DE-E90F-740F-8A77D7E2BE72}.Release|Any CPU.Build.0 = Release|Any CPU
		{721C56F6-C0DC-83B5-6CB7-42C2EF9E3BE2}.Debug|Any CPU.ActiveCfg = Debug|Any CPU
		{721C56F6-C0DC-83B5-6CB7-42C2EF9E3BE2}.Debug|Any CPU.Build.0 = Debug|Any CPU
		{721C56F6-C0DC-83B5-6CB7-42C2EF9E3BE2}.Release|Any CPU.ActiveCfg = Release|Any CPU
		{721C56F6-C0DC-83B5-6CB7-42C2EF9E3BE2}.Release|Any CPU.Build.0 = Release|Any CPU
		{C2AB4F77-C029-EA81-AC56-F4AD0124C86D}.Debug|Any CPU.ActiveCfg = Debug|Any CPU
		{C2AB4F77-C029-EA81-AC56-F4AD0124C86D}.Debug|Any CPU.Build.0 = Debug|Any CPU
		{C2AB4F77-C029-EA81-AC56-F4AD0124C86D}.Release|Any CPU.ActiveCfg = Release|Any CPU
		{C2AB4F77-C029-EA81-AC56-F4AD0124C86D}.Release|Any CPU.Build.0 = Release|Any CPU
	EndGlobalSection
	GlobalSection(SolutionProperties) = preSolution
		HideSolutionNode = FALSE
	EndGlobalSection
EndGlobal
